
Microsoft Visual Studio Solution File, Format Version 12.00
# Visual Studio 2012
Project("{FAE04EC0-301F-11D3-BF4B-00C04F79EFBC}") = "Classes_OOP", "Classes_OOP\Classes_OOP.csproj", "{12FD0F98-3C6C-433D-BE53-B53544B535A5}"
EndProject
Global
	GlobalSection(SolutionConfigurationPlatforms) = preSolution
		Debug|Any CPU = Debug|Any CPU
		Release|Any CPU = Release|Any CPU
	EndGlobalSection
	GlobalSection(ProjectConfigurationPlatforms) = postSolution
		{12FD0F98-3C6C-433D-BE53-B53544B535A5}.Debug|Any CPU.ActiveCfg = Debug|Any CPU
		{12FD0F98-3C6C-433D-BE53-B53544B535A5}.Debug|Any CPU.Build.0 = Debug|Any CPU
		{12FD0F98-3C6C-433D-BE53-B53544B535A5}.Release|Any CPU.ActiveCfg = Release|Any CPU
		{12FD0F98-3C6C-433D-BE53-B53544B535A5}.Release|Any CPU.Build.0 = Release|Any CPU
	EndGlobalSection
EndGlobal
