
Microsoft Visual Studio Solution File, Format Version 12.00
# Visual Studio 2012
Project("{FAE04EC0-301F-11D3-BF4B-00C04F79EFBC}") = "Constructors", "Constructors\Constructors.csproj", "{8F1BC603-4918-4F85-8A0E-1BF3E0705BD4}"
EndProject
Global
	GlobalSection(SolutionConfigurationPlatforms) = preSolution
		Debug|Any CPU = Debug|Any CPU
		Release|Any CPU = Release|Any CPU
	EndGlobalSection
	GlobalSection(ProjectConfigurationPlatforms) = postSolution
		{8F1BC603-4918-4F85-8A0E-1BF3E0705BD4}.Debug|Any CPU.ActiveCfg = Debug|Any CPU
		{8F1BC603-4918-4F85-8A0E-1BF3E0705BD4}.Debug|Any CPU.Build.0 = Debug|Any CPU
		{8F1BC603-4918-4F85-8A0E-1BF3E0705BD4}.Release|Any CPU.ActiveCfg = Release|Any CPU
		{8F1BC603-4918-4F85-8A0E-1BF3E0705BD4}.Release|Any CPU.Build.0 = Release|Any CPU
	EndGlobalSection
EndGlobal
