
Microsoft Visual Studio Solution File, Format Version 12.00
# Visual Studio 2012
Project("{FAE04EC0-301F-11D3-BF4B-00C04F79EFBC}") = "Polymorphism", "Polymorphism\Polymorphism.csproj", "{A421C702-8530-4A88-938B-53C6229C3967}"
EndProject
Global
	GlobalSection(SolutionConfigurationPlatforms) = preSolution
		Debug|Any CPU = Debug|Any CPU
		Release|Any CPU = Release|Any CPU
	EndGlobalSection
	GlobalSection(ProjectConfigurationPlatforms) = postSolution
		{A421C702-8530-4A88-938B-53C6229C3967}.Debug|Any CPU.ActiveCfg = Debug|Any CPU
		{A421C702-8530-4A88-938B-53C6229C3967}.Debug|Any CPU.Build.0 = Debug|Any CPU
		{A421C702-8530-4A88-938B-53C6229C3967}.Release|Any CPU.ActiveCfg = Release|Any CPU
		{A421C702-8530-4A88-938B-53C6229C3967}.Release|Any CPU.Build.0 = Release|Any CPU
	EndGlobalSection
EndGlobal
